{
  "name": "@socfony/database",
  "version": "1.0.0",
  "lockfileVersion": 2,
  "requires": true,
  "packages": {
    "": {
      "name": "@socfony/database",
      "version": "1.0.0",
      "license": "BSD-3-Clause",
      "dependencies": {
        "@prisma/client": "^4.1.0",
        "prisma": "^4.1.0"
      }
    },
    "node_modules/@prisma/client": {
      "version": "4.1.0",
      "resolved": "https://registry.npmjs.org/@prisma/client/-/client-4.1.0.tgz",
      "integrity": "sha512-MvfPGAd42vHTiCYxwS6N+2U3F+ukoJ48D2QRnX1zSPJHBkh1CBtshl75daKzvVfgQwSouzSQeugKDej5di+E/g==",
      "hasInstallScript": true,
      "dependencies": {
        "@prisma/engines-version": "4.1.0-48.8d8414deb360336e4698a65aa45a1fbaf1ce13d8"
      },
      "engines": {
        "node": ">=14.17"
      },
      "peerDependencies": {
        "prisma": "*"
      },
      "peerDependenciesMeta": {
        "prisma": {
          "optional": true
        }
      }
    },
    "node_modules/@prisma/engines": {
      "version": "4.1.0",
      "resolved": "https://registry.npmjs.org/@prisma/engines/-/engines-4.1.0.tgz",
      "integrity": "sha512-quqHXD3P83NBLVtRlts4SgKHmqgA8GMiyDTJ7af03Wg0gl6F5t65mBYvIuwmD+52vHm42JtIsp/fAO9YIV0JBA==",
      "hasInstallScript": true
    },
    "node_modules/@prisma/engines-version": {
      "version": "4.1.0-48.8d8414deb360336e4698a65aa45a1fbaf1ce13d8",
      "resolved": "https://registry.npmjs.org/@prisma/engines-version/-/engines-version-4.1.0-48.8d8414deb360336e4698a65aa45a1fbaf1ce13d8.tgz",
      "integrity": "sha512-cRRJwpHFGFJZvtHbY3GZjMffNBEjjZk68ztn+S2hDgPCGB4H66IK26roK94GJxBodSehwRJ0wGyebC2GoIH1JQ=="
    },
    "node_modules/prisma": {
      "version": "4.1.0",
      "resolved": "https://registry.npmjs.org/prisma/-/prisma-4.1.0.tgz",
      "integrity": "sha512-iwqpAT6In1uvMSwQAM3PqmaBdhh2OaQ/2t+n3RjpW4vAKP3R7E1T34FZUU4zGOWtMWm5dt0sPThQkT/h87r6gw==",
      "hasInstallScript": true,
      "dependencies": {
        "@prisma/engines": "4.1.0"
      },
      "bin": {
        "prisma": "build/index.js",
        "prisma2": "build/index.js"
      },
      "engines": {
        "node": ">=14.17"
      }
    }
  },
  "dependencies": {
    "@prisma/client": {
      "version": "4.1.0",
      "resolved": "https://registry.npmjs.org/@prisma/client/-/client-4.1.0.tgz",
      "integrity": "sha512-MvfPGAd42vHTiCYxwS6N+2U3F+ukoJ48D2QRnX1zSPJHBkh1CBtshl75daKzvVfgQwSouzSQeugKDej5di+E/g==",
      "requires": {
        "@prisma/engines-version": "4.1.0-48.8d8414deb360336e4698a65aa45a1fbaf1ce13d8"
      }
    },
    "@prisma/engines": {
      "version": "4.1.0",
      "resolved": "https://registry.npmjs.org/@prisma/engines/-/engines-4.1.0.tgz",
      "integrity": "sha512-quqHXD3P83NBLVtRlts4SgKHmqgA8GMiyDTJ7af03Wg0gl6F5t65mBYvIuwmD+52vHm42JtIsp/fAO9YIV0JBA=="
    },
    "@prisma/engines-version": {
      "version": "4.1.0-48.8d8414deb360336e4698a65aa45a1fbaf1ce13d8",
      "resolved": "https://registry.npmjs.org/@prisma/engines-version/-/engines-version-4.1.0-48.8d8414deb360336e4698a65aa45a1fbaf1ce13d8.tgz",
      "integrity": "sha512-cRRJwpHFGFJZvtHbY3GZjMffNBEjjZk68ztn+S2hDgPCGB4H66IK26roK94GJxBodSehwRJ0wGyebC2GoIH1JQ=="
    },
    "prisma": {
      "version": "4.1.0",
      "resolved": "https://registry.npmjs.org/prisma/-/prisma-4.1.0.tgz",
      "integrity": "sha512-iwqpAT6In1uvMSwQAM3PqmaBdhh2OaQ/2t+n3RjpW4vAKP3R7E1T34FZUU4zGOWtMWm5dt0sPThQkT/h87r6gw==",
      "requires": {
        "@prisma/engines": "4.1.0"
      }
    }
  }
}
