{
  "name": "server",
  "lockfileVersion": 2,
  "requires": true,
  "packages": {
    "": {
      "dependencies": {
        "prisma": "^3.6.0"
      }
    },
    "node_modules/@prisma/engines": {
      "version": "3.6.0-24.dc520b92b1ebb2d28dc3161f9f82e875bd35d727",
      "resolved": "https://registry.npmjs.org/@prisma/engines/-/engines-3.6.0-24.dc520b92b1ebb2d28dc3161f9f82e875bd35d727.tgz",
      "integrity": "sha512-dRClHS7DsTVchDKzeG72OaEyeDskCv91pnZ72Fftn0mp4BkUvX2LvWup65hCNzwwQm5IDd6A88APldKDnMiEMA==",
      "hasInstallScript": true
    },
    "node_modules/prisma": {
      "version": "3.6.0",
      "resolved": "https://registry.npmjs.org/prisma/-/prisma-3.6.0.tgz",
      "integrity": "sha512-6SqgHS/5Rq6HtHjsWsTxlj+ySamGyCLBUQfotc2lStOjPv52IQuDVpp58GieNqc9VnfuFyHUvTZw7aQB+G2fvQ==",
      "hasInstallScript": true,
      "dependencies": {
        "@prisma/engines": "3.6.0-24.dc520b92b1ebb2d28dc3161f9f82e875bd35d727"
      },
      "bin": {
        "prisma": "build/index.js",
        "prisma2": "build/index.js"
      },
      "engines": {
        "node": ">=12.6"
      }
    }
  },
  "dependencies": {
    "@prisma/engines": {
      "version": "3.6.0-24.dc520b92b1ebb2d28dc3161f9f82e875bd35d727",
      "resolved": "https://registry.npmjs.org/@prisma/engines/-/engines-3.6.0-24.dc520b92b1ebb2d28dc3161f9f82e875bd35d727.tgz",
      "integrity": "sha512-dRClHS7DsTVchDKzeG72OaEyeDskCv91pnZ72Fftn0mp4BkUvX2LvWup65hCNzwwQm5IDd6A88APldKDnMiEMA=="
    },
    "prisma": {
      "version": "3.6.0",
      "resolved": "https://registry.npmjs.org/prisma/-/prisma-3.6.0.tgz",
      "integrity": "sha512-6SqgHS/5Rq6HtHjsWsTxlj+ySamGyCLBUQfotc2lStOjPv52IQuDVpp58GieNqc9VnfuFyHUvTZw7aQB+G2fvQ==",
      "requires": {
        "@prisma/engines": "3.6.0-24.dc520b92b1ebb2d28dc3161f9f82e875bd35d727"
      }
    }
  }
}
