{
  "name": "@socfony/database",
  "version": "1.0.0",
  "lockfileVersion": 2,
  "requires": true,
  "packages": {
    "": {
      "name": "@socfony/database",
      "version": "1.0.0",
      "license": "BSD-3-Clause",
      "dependencies": {
        "prisma": "^3.15.2"
      }
    },
    "node_modules/@prisma/engines": {
      "version": "3.15.1-1.461d6a05159055555eb7dfb337c9fb271cbd4d7e",
      "resolved": "https://registry.npmjs.org/@prisma/engines/-/engines-3.15.1-1.461d6a05159055555eb7dfb337c9fb271cbd4d7e.tgz",
      "integrity": "sha512-NHlojO1DFTsSi3FtEleL9QWXeSF/UjhCW0fgpi7bumnNZ4wj/eQ+BJJ5n2pgoOliTOGv9nX2qXvmHap7rJMNmg==",
      "hasInstallScript": true
    },
    "node_modules/prisma": {
      "version": "3.15.2",
      "resolved": "https://registry.npmjs.org/prisma/-/prisma-3.15.2.tgz",
      "integrity": "sha512-nMNSMZvtwrvoEQ/mui8L/aiCLZRCj5t6L3yujKpcDhIPk7garp8tL4nMx2+oYsN0FWBacevJhazfXAbV1kfBzA==",
      "hasInstallScript": true,
      "dependencies": {
        "@prisma/engines": "3.15.1-1.461d6a05159055555eb7dfb337c9fb271cbd4d7e"
      },
      "bin": {
        "prisma": "build/index.js",
        "prisma2": "build/index.js"
      },
      "engines": {
        "node": ">=12.6"
      }
    }
  },
  "dependencies": {
    "@prisma/engines": {
      "version": "3.15.1-1.461d6a05159055555eb7dfb337c9fb271cbd4d7e",
      "resolved": "https://registry.npmjs.org/@prisma/engines/-/engines-3.15.1-1.461d6a05159055555eb7dfb337c9fb271cbd4d7e.tgz",
      "integrity": "sha512-NHlojO1DFTsSi3FtEleL9QWXeSF/UjhCW0fgpi7bumnNZ4wj/eQ+BJJ5n2pgoOliTOGv9nX2qXvmHap7rJMNmg=="
    },
    "prisma": {
      "version": "3.15.2",
      "resolved": "https://registry.npmjs.org/prisma/-/prisma-3.15.2.tgz",
      "integrity": "sha512-nMNSMZvtwrvoEQ/mui8L/aiCLZRCj5t6L3yujKpcDhIPk7garp8tL4nMx2+oYsN0FWBacevJhazfXAbV1kfBzA==",
      "requires": {
        "@prisma/engines": "3.15.1-1.461d6a05159055555eb7dfb337c9fb271cbd4d7e"
      }
    }
  }
}
