{
  "name": "@socfony/database",
  "version": "1.0.0",
  "lockfileVersion": 2,
  "requires": true,
  "packages": {
    "": {
      "name": "@socfony/database",
      "version": "1.0.0",
      "license": "BSD-3-Clause",
      "dependencies": {
        "prisma": "^4.1.0"
      }
    },
    "node_modules/@prisma/engines": {
      "version": "4.1.0",
      "resolved": "https://registry.npmjs.org/@prisma/engines/-/engines-4.1.0.tgz",
      "integrity": "sha512-quqHXD3P83NBLVtRlts4SgKHmqgA8GMiyDTJ7af03Wg0gl6F5t65mBYvIuwmD+52vHm42JtIsp/fAO9YIV0JBA==",
      "hasInstallScript": true
    },
    "node_modules/prisma": {
      "version": "4.1.0",
      "resolved": "https://registry.npmjs.org/prisma/-/prisma-4.1.0.tgz",
      "integrity": "sha512-iwqpAT6In1uvMSwQAM3PqmaBdhh2OaQ/2t+n3RjpW4vAKP3R7E1T34FZUU4zGOWtMWm5dt0sPThQkT/h87r6gw==",
      "hasInstallScript": true,
      "dependencies": {
        "@prisma/engines": "4.1.0"
      },
      "bin": {
        "prisma": "build/index.js",
        "prisma2": "build/index.js"
      },
      "engines": {
        "node": ">=14.17"
      }
    }
  },
  "dependencies": {
    "@prisma/engines": {
      "version": "4.1.0",
      "resolved": "https://registry.npmjs.org/@prisma/engines/-/engines-4.1.0.tgz",
      "integrity": "sha512-quqHXD3P83NBLVtRlts4SgKHmqgA8GMiyDTJ7af03Wg0gl6F5t65mBYvIuwmD+52vHm42JtIsp/fAO9YIV0JBA=="
    },
    "prisma": {
      "version": "4.1.0",
      "resolved": "https://registry.npmjs.org/prisma/-/prisma-4.1.0.tgz",
      "integrity": "sha512-iwqpAT6In1uvMSwQAM3PqmaBdhh2OaQ/2t+n3RjpW4vAKP3R7E1T34FZUU4zGOWtMWm5dt0sPThQkT/h87r6gw==",
      "requires": {
        "@prisma/engines": "4.1.0"
      }
    }
  }
}
